
Microsoft Visual Studio Solution File, Format Version 12.00
# Visual Studio 2012
Project("{FAE04EC0-301F-11D3-BF4B-00C04F79EFBC}") = "Mapbox.Sdk.Core", "Mapbox.Sdk.Core\Mapbox.Sdk.Core.csproj", "{74317056-CAC3-4E00-A3B1-225AAB176580}"
EndProject
Global
	GlobalSection(SolutionConfigurationPlatforms) = preSolution
		Debug|Any CPU = Debug|Any CPU
		Release|Any CPU = Release|Any CPU
	EndGlobalSection
	GlobalSection(ProjectConfigurationPlatforms) = postSolution
		{74317056-CAC3-4E00-A3B1-225AAB176580}.Debug|Any CPU.ActiveCfg = Debug|Any CPU
		{74317056-CAC3-4E00-A3B1-225AAB176580}.Debug|Any CPU.Build.0 = Debug|Any CPU
		{74317056-CAC3-4E00-A3B1-225AAB176580}.Release|Any CPU.ActiveCfg = Release|Any CPU
		{74317056-CAC3-4E00-A3B1-225AAB176580}.Release|Any CPU.Build.0 = Release|Any CPU
	EndGlobalSection
EndGlobal
